// !$*UTF8*$!
{
	archiveVersion = 1;
	classes = {
	};
	objectVersion = 56;
	objects = {

/* Begin PBXBuildFile section */
		432BCD89299ECA9A0034B326 /* DetailVM.swift in Sources */ = {isa = PBXBuildFile; fileRef = 432BCD88299ECA9A0034B326 /* DetailVM.swift */; };
		43389C79299B7B6900B1EBAC /* DetailVC.swift in Sources */ = {isa = PBXBuildFile; fileRef = 43389C78299B7B6900B1EBAC /* DetailVC.swift */; };
		43605F29299CC27C0040E9BD /* MapVM.swift in Sources */ = {isa = PBXBuildFile; fileRef = 43605F28299CC27C0040E9BD /* MapVM.swift */; };
		43605F2C299CC3AB0040E9BD /* StatefullVM.swift in Sources */ = {isa = PBXBuildFile; fileRef = 43605F2B299CC3AB0040E9BD /* StatefullVM.swift */; };
		43605F2E299CC46D0040E9BD /* MapVC.swift in Sources */ = {isa = PBXBuildFile; fileRef = 43605F2D299CC46D0040E9BD /* MapVC.swift */; };
		436BEFDD299D617F001F67C7 /* NetworkManager.swift in Sources */ = {isa = PBXBuildFile; fileRef = 436BEFDC299D617F001F67C7 /* NetworkManager.swift */; };
		436BEFE0299D61F8001F67C7 /* HTTPMetods.swift in Sources */ = {isa = PBXBuildFile; fileRef = 436BEFDF299D61F8001F67C7 /* HTTPMetods.swift */; };
		436BEFE2299D6210001F67C7 /* ErrorTypes.swift in Sources */ = {isa = PBXBuildFile; fileRef = 436BEFE1299D6210001F67C7 /* ErrorTypes.swift */; };
		436BEFE4299D6306001F67C7 /* APIConstants.swift in Sources */ = {isa = PBXBuildFile; fileRef = 436BEFE3299D6306001F67C7 /* APIConstants.swift */; };
		436BEFE7299D637D001F67C7 /* StationsService.swift in Sources */ = {isa = PBXBuildFile; fileRef = 436BEFE6299D637D001F67C7 /* StationsService.swift */; };
		436BEFEA299D66E6001F67C7 /* StationsModel.swift in Sources */ = {isa = PBXBuildFile; fileRef = 436BEFE9299D66E6001F67C7 /* StationsModel.swift */; };
		436BEFEF299D7348001F67C7 /* RedirectManager.swift in Sources */ = {isa = PBXBuildFile; fileRef = 436BEFEE299D7348001F67C7 /* RedirectManager.swift */; };
		439A2E7C299AADEB0079C3D5 /* AppDelegate.swift in Sources */ = {isa = PBXBuildFile; fileRef = 439A2E7B299AADEB0079C3D5 /* AppDelegate.swift */; };
		439A2E7E299AADEB0079C3D5 /* SceneDelegate.swift in Sources */ = {isa = PBXBuildFile; fileRef = 439A2E7D299AADEB0079C3D5 /* SceneDelegate.swift */; };
		439A2E83299AADEB0079C3D5 /* Main.storyboard in Resources */ = {isa = PBXBuildFile; fileRef = 439A2E81299AADEB0079C3D5 /* Main.storyboard */; };
		439A2E85299AADEB0079C3D5 /* Assets.xcassets in Resources */ = {isa = PBXBuildFile; fileRef = 439A2E84299AADEB0079C3D5 /* Assets.xcassets */; };
		439A2E88299AADEB0079C3D5 /* LaunchScreen.storyboard in Resources */ = {isa = PBXBuildFile; fileRef = 439A2E86299AADEB0079C3D5 /* LaunchScreen.storyboard */; };
		439A2E9D299AADEB0079C3D5 /* StationsMapAppUITests.swift in Sources */ = {isa = PBXBuildFile; fileRef = 439A2E9C299AADEB0079C3D5 /* StationsMapAppUITests.swift */; };
		439A2E9F299AADEB0079C3D5 /* StationsMapAppUITestsLaunchTests.swift in Sources */ = {isa = PBXBuildFile; fileRef = 439A2E9E299AADEB0079C3D5 /* StationsMapAppUITestsLaunchTests.swift */; };
		43F3DF4A29A0EE8E00C55FC5 /* MapVMTests.swift in Sources */ = {isa = PBXBuildFile; fileRef = 43F3DF4929A0EE8E00C55FC5 /* MapVMTests.swift */; };
		43F3DF4E29A0FAE300C55FC5 /* MockStationsService.swift in Sources */ = {isa = PBXBuildFile; fileRef = 43F3DF4D29A0FAE300C55FC5 /* MockStationsService.swift */; };
/* End PBXBuildFile section */

/* Begin PBXContainerItemProxy section */
		439A2E8F299AADEB0079C3D5 /* PBXContainerItemProxy */ = {
			isa = PBXContainerItemProxy;
			containerPortal = 439A2E70299AADEB0079C3D5 /* Project object */;
			proxyType = 1;
			remoteGlobalIDString = 439A2E77299AADEB0079C3D5;
			remoteInfo = StationsMapApp;
		};
		439A2E99299AADEB0079C3D5 /* PBXContainerItemProxy */ = {
			isa = PBXContainerItemProxy;
			containerPortal = 439A2E70299AADEB0079C3D5 /* Project object */;
			proxyType = 1;
			remoteGlobalIDString = 439A2E77299AADEB0079C3D5;
			remoteInfo = StationsMapApp;
		};
/* End PBXContainerItemProxy section */

/* Begin PBXFileReference section */
		432BCD88299ECA9A0034B326 /* DetailVM.swift */ = {isa = PBXFileReference; lastKnownFileType = sourcecode.swift; path = DetailVM.swift; sourceTree = "<group>"; };
		43389C78299B7B6900B1EBAC /* DetailVC.swift */ = {isa = PBXFileReference; lastKnownFileType = sourcecode.swift; path = DetailVC.swift; sourceTree = "<group>"; };
		43605F28299CC27C0040E9BD /* MapVM.swift */ = {isa = PBXFileReference; lastKnownFileType = sourcecode.swift; path = MapVM.swift; sourceTree = "<group>"; };
		43605F2B299CC3AB0040E9BD /* StatefullVM.swift */ = {isa = PBXFileReference; lastKnownFileType = sourcecode.swift; path = StatefullVM.swift; sourceTree = "<group>"; };
		43605F2D299CC46D0040E9BD /* MapVC.swift */ = {isa = PBXFileReference; lastKnownFileType = sourcecode.swift; path = MapVC.swift; sourceTree = "<group>"; };
		436BEFDC299D617F001F67C7 /* NetworkManager.swift */ = {isa = PBXFileReference; lastKnownFileType = sourcecode.swift; path = NetworkManager.swift; sourceTree = "<group>"; };
		436BEFDF299D61F8001F67C7 /* HTTPMetods.swift */ = {isa = PBXFileReference; lastKnownFileType = sourcecode.swift; path = HTTPMetods.swift; sourceTree = "<group>"; };
		436BEFE1299D6210001F67C7 /* ErrorTypes.swift */ = {isa = PBXFileReference; lastKnownFileType = sourcecode.swift; path = ErrorTypes.swift; sourceTree = "<group>"; };
		436BEFE3299D6306001F67C7 /* APIConstants.swift */ = {isa = PBXFileReference; lastKnownFileType = sourcecode.swift; path = APIConstants.swift; sourceTree = "<group>"; };
		436BEFE6299D637D001F67C7 /* StationsService.swift */ = {isa = PBXFileReference; lastKnownFileType = sourcecode.swift; path = StationsService.swift; sourceTree = "<group>"; };
		436BEFE9299D66E6001F67C7 /* StationsModel.swift */ = {isa = PBXFileReference; lastKnownFileType = sourcecode.swift; path = StationsModel.swift; sourceTree = "<group>"; };
		436BEFEE299D7348001F67C7 /* RedirectManager.swift */ = {isa = PBXFileReference; lastKnownFileType = sourcecode.swift; path = RedirectManager.swift; sourceTree = "<group>"; };
		439A2E78299AADEB0079C3D5 /* StationsMapApp.app */ = {isa = PBXFileReference; explicitFileType = wrapper.application; includeInIndex = 0; path = StationsMapApp.app; sourceTree = BUILT_PRODUCTS_DIR; };
		439A2E7B299AADEB0079C3D5 /* AppDelegate.swift */ = {isa = PBXFileReference; lastKnownFileType = sourcecode.swift; path = AppDelegate.swift; sourceTree = "<group>"; };
		439A2E7D299AADEB0079C3D5 /* SceneDelegate.swift */ = {isa = PBXFileReference; lastKnownFileType = sourcecode.swift; path = SceneDelegate.swift; sourceTree = "<group>"; };
		439A2E82299AADEB0079C3D5 /* Base */ = {isa = PBXFileReference; lastKnownFileType = file.storyboard; name = Base; path = Base.lproj/Main.storyboard; sourceTree = "<group>"; };
		439A2E84299AADEB0079C3D5 /* Assets.xcassets */ = {isa = PBXFileReference; lastKnownFileType = folder.assetcatalog; path = Assets.xcassets; sourceTree = "<group>"; };
		439A2E87299AADEB0079C3D5 /* Base */ = {isa = PBXFileReference; lastKnownFileType = file.storyboard; name = Base; path = Base.lproj/LaunchScreen.storyboard; sourceTree = "<group>"; };
		439A2E89299AADEB0079C3D5 /* Info.plist */ = {isa = PBXFileReference; lastKnownFileType = text.plist.xml; path = Info.plist; sourceTree = "<group>"; };
		439A2E8E299AADEB0079C3D5 /* StationsMapAppTests.xctest */ = {isa = PBXFileReference; explicitFileType = wrapper.cfbundle; includeInIndex = 0; path = StationsMapAppTests.xctest; sourceTree = BUILT_PRODUCTS_DIR; };
		439A2E98299AADEB0079C3D5 /* StationsMapAppUITests.xctest */ = {isa = PBXFileReference; explicitFileType = wrapper.cfbundle; includeInIndex = 0; path = StationsMapAppUITests.xctest; sourceTree = BUILT_PRODUCTS_DIR; };
		439A2E9C299AADEB0079C3D5 /* StationsMapAppUITests.swift */ = {isa = PBXFileReference; lastKnownFileType = sourcecode.swift; path = StationsMapAppUITests.swift; sourceTree = "<group>"; };
		439A2E9E299AADEB0079C3D5 /* StationsMapAppUITestsLaunchTests.swift */ = {isa = PBXFileReference; lastKnownFileType = sourcecode.swift; path = StationsMapAppUITestsLaunchTests.swift; sourceTree = "<group>"; };
		43F3DF4929A0EE8E00C55FC5 /* MapVMTests.swift */ = {isa = PBXFileReference; lastKnownFileType = sourcecode.swift; path = MapVMTests.swift; sourceTree = "<group>"; };
		43F3DF4D29A0FAE300C55FC5 /* MockStationsService.swift */ = {isa = PBXFileReference; lastKnownFileType = sourcecode.swift; path = MockStationsService.swift; sourceTree = "<group>"; };
/* End PBXFileReference section */

/* Begin PBXFrameworksBuildPhase section */
		439A2E75299AADEB0079C3D5 /* Frameworks */ = {
			isa = PBXFrameworksBuildPhase;
			buildActionMask = 2147483647;
			files = (
			);
			runOnlyForDeploymentPostprocessing = 0;
		};
		439A2E8B299AADEB0079C3D5 /* Frameworks */ = {
			isa = PBXFrameworksBuildPhase;
			buildActionMask = 2147483647;
			files = (
			);
			runOnlyForDeploymentPostprocessing = 0;
		};
		439A2E95299AADEB0079C3D5 /* Frameworks */ = {
			isa = PBXFrameworksBuildPhase;
			buildActionMask = 2147483647;
			files = (
			);
			runOnlyForDeploymentPostprocessing = 0;
		};
/* End PBXFrameworksBuildPhase section */

/* Begin PBXGroup section */
		431F3033299F5B000020B4D8 /* App */ = {
			isa = PBXGroup;
			children = (
				439A2E7B299AADEB0079C3D5 /* AppDelegate.swift */,
				439A2E7D299AADEB0079C3D5 /* SceneDelegate.swift */,
			);
			path = App;
			sourceTree = "<group>";
		};
		431F3034299F5B7D0020B4D8 /* Storyboard */ = {
			isa = PBXGroup;
			children = (
				439A2E81299AADEB0079C3D5 /* Main.storyboard */,
				439A2E86299AADEB0079C3D5 /* LaunchScreen.storyboard */,
			);
			path = Storyboard;
			sourceTree = "<group>";
		};
		432BCD87299ECA870034B326 /* ViewModel */ = {
			isa = PBXGroup;
			children = (
				432BCD88299ECA9A0034B326 /* DetailVM.swift */,
			);
			path = ViewModel;
			sourceTree = "<group>";
		};
		43389C89299BD84D00B1EBAC /* Helpers */ = {
			isa = PBXGroup;
			children = (
				436BEFED299D7333001F67C7 /* Managers */,
				43605F2A299CC3820040E9BD /* Base */,
			);
			path = Helpers;
			sourceTree = "<group>";
		};
		43605F1D299CBCBB0040E9BD /* Controller */ = {
			isa = PBXGroup;
			children = (
				43605F1F299CBCE20040E9BD /* Detail */,
				43605F1E299CBCDC0040E9BD /* Map */,
			);
			path = Controller;
			sourceTree = "<group>";
		};
		43605F1E299CBCDC0040E9BD /* Map */ = {
			isa = PBXGroup;
			children = (
				436BEFF0299D7D60001F67C7 /* ViewModel */,
				43605F2D299CC46D0040E9BD /* MapVC.swift */,
			);
			path = Map;
			sourceTree = "<group>";
		};
		43605F1F299CBCE20040E9BD /* Detail */ = {
			isa = PBXGroup;
			children = (
				432BCD87299ECA870034B326 /* ViewModel */,
				43389C78299B7B6900B1EBAC /* DetailVC.swift */,
			);
			path = Detail;
			sourceTree = "<group>";
		};
		43605F2A299CC3820040E9BD /* Base */ = {
			isa = PBXGroup;
			children = (
				43605F2B299CC3AB0040E9BD /* StatefullVM.swift */,
			);
			path = Base;
			sourceTree = "<group>";
		};
		436BEFDB299D6162001F67C7 /* Networking */ = {
			isa = PBXGroup;
			children = (
				43F3DF4C29A0F8EB00C55FC5 /* Constants */,
				43F3DF4B29A0F8E400C55FC5 /* Managers */,
				436BEFE8299D66C2001F67C7 /* Models */,
				436BEFE5299D6361001F67C7 /* Services */,
				436BEFDE299D61DD001F67C7 /* Enums */,
			);
			path = Networking;
			sourceTree = "<group>";
		};
		436BEFDE299D61DD001F67C7 /* Enums */ = {
			isa = PBXGroup;
			children = (
				436BEFDF299D61F8001F67C7 /* HTTPMetods.swift */,
				436BEFE1299D6210001F67C7 /* ErrorTypes.swift */,
			);
			path = Enums;
			sourceTree = "<group>";
		};
		436BEFE5299D6361001F67C7 /* Services */ = {
			isa = PBXGroup;
			children = (
				436BEFE6299D637D001F67C7 /* StationsService.swift */,
			);
			path = Services;
			sourceTree = "<group>";
		};
		436BEFE8299D66C2001F67C7 /* Models */ = {
			isa = PBXGroup;
			children = (
				436BEFE9299D66E6001F67C7 /* StationsModel.swift */,
			);
			path = Models;
			sourceTree = "<group>";
		};
		436BEFED299D7333001F67C7 /* Managers */ = {
			isa = PBXGroup;
			children = (
				436BEFEE299D7348001F67C7 /* RedirectManager.swift */,
			);
			path = Managers;
			sourceTree = "<group>";
		};
		436BEFF0299D7D60001F67C7 /* ViewModel */ = {
			isa = PBXGroup;
			children = (
				43605F28299CC27C0040E9BD /* MapVM.swift */,
			);
			path = ViewModel;
			sourceTree = "<group>";
		};
		439A2E6F299AADEB0079C3D5 = {
			isa = PBXGroup;
			children = (
				439A2E7A299AADEB0079C3D5 /* StationsMapApp */,
				439A2E91299AADEB0079C3D5 /* StationsMapAppTests */,
				439A2E9B299AADEB0079C3D5 /* StationsMapAppUITests */,
				439A2E79299AADEB0079C3D5 /* Products */,
			);
			sourceTree = "<group>";
		};
		439A2E79299AADEB0079C3D5 /* Products */ = {
			isa = PBXGroup;
			children = (
				439A2E78299AADEB0079C3D5 /* StationsMapApp.app */,
				439A2E8E299AADEB0079C3D5 /* StationsMapAppTests.xctest */,
				439A2E98299AADEB0079C3D5 /* StationsMapAppUITests.xctest */,
			);
			name = Products;
			sourceTree = "<group>";
		};
		439A2E7A299AADEB0079C3D5 /* StationsMapApp */ = {
			isa = PBXGroup;
			children = (
				431F3034299F5B7D0020B4D8 /* Storyboard */,
				431F3033299F5B000020B4D8 /* App */,
				436BEFDB299D6162001F67C7 /* Networking */,
				43605F1D299CBCBB0040E9BD /* Controller */,
				43389C89299BD84D00B1EBAC /* Helpers */,
				439A2E84299AADEB0079C3D5 /* Assets.xcassets */,
				439A2E89299AADEB0079C3D5 /* Info.plist */,
			);
			path = StationsMapApp;
			sourceTree = "<group>";
		};
		439A2E91299AADEB0079C3D5 /* StationsMapAppTests */ = {
			isa = PBXGroup;
			children = (
				43F3DF4729A0EE5300C55FC5 /* Controller */,
			);
			path = StationsMapAppTests;
			sourceTree = "<group>";
		};
		439A2E9B299AADEB0079C3D5 /* StationsMapAppUITests */ = {
			isa = PBXGroup;
			children = (
				439A2E9C299AADEB0079C3D5 /* StationsMapAppUITests.swift */,
				439A2E9E299AADEB0079C3D5 /* StationsMapAppUITestsLaunchTests.swift */,
			);
			path = StationsMapAppUITests;
			sourceTree = "<group>";
		};
		43F3DF4729A0EE5300C55FC5 /* Controller */ = {
			isa = PBXGroup;
			children = (
				43F3DF4829A0EE5D00C55FC5 /* Map */,
			);
			path = Controller;
			sourceTree = "<group>";
		};
		43F3DF4829A0EE5D00C55FC5 /* Map */ = {
			isa = PBXGroup;
			children = (
				43F3DF4929A0EE8E00C55FC5 /* MapVMTests.swift */,
				43F3DF4D29A0FAE300C55FC5 /* MockStationsService.swift */,
			);
			path = Map;
			sourceTree = "<group>";
		};
		43F3DF4B29A0F8E400C55FC5 /* Managers */ = {
			isa = PBXGroup;
			children = (
				436BEFDC299D617F001F67C7 /* NetworkManager.swift */,
			);
			path = Managers;
			sourceTree = "<group>";
		};
		43F3DF4C29A0F8EB00C55FC5 /* Constants */ = {
			isa = PBXGroup;
			children = (
				436BEFE3299D6306001F67C7 /* APIConstants.swift */,
			);
			path = Constants;
			sourceTree = "<group>";
		};
/* End PBXGroup section */

/* Begin PBXNativeTarget section */
		439A2E77299AADEB0079C3D5 /* StationsMapApp */ = {
			isa = PBXNativeTarget;
			buildConfigurationList = 439A2EA2299AADEB0079C3D5 /* Build configuration list for PBXNativeTarget "StationsMapApp" */;
			buildPhases = (
				439A2E74299AADEB0079C3D5 /* Sources */,
				439A2E75299AADEB0079C3D5 /* Frameworks */,
				439A2E76299AADEB0079C3D5 /* Resources */,
			);
			buildRules = (
			);
			dependencies = (
			);
			name = StationsMapApp;
			packageProductDependencies = (
			);
			productName = StationsMapApp;
			productReference = 439A2E78299AADEB0079C3D5 /* StationsMapApp.app */;
			productType = "com.apple.product-type.application";
		};
		439A2E8D299AADEB0079C3D5 /* StationsMapAppTests */ = {
			isa = PBXNativeTarget;
			buildConfigurationList = 439A2EA5299AADEB0079C3D5 /* Build configuration list for PBXNativeTarget "StationsMapAppTests" */;
			buildPhases = (
				439A2E8A299AADEB0079C3D5 /* Sources */,
				439A2E8B299AADEB0079C3D5 /* Frameworks */,
				439A2E8C299AADEB0079C3D5 /* Resources */,
			);
			buildRules = (
			);
			dependencies = (
				439A2E90299AADEB0079C3D5 /* PBXTargetDependency */,
			);
			name = StationsMapAppTests;
			productName = StationsMapAppTests;
			productReference = 439A2E8E299AADEB0079C3D5 /* StationsMapAppTests.xctest */;
			productType = "com.apple.product-type.bundle.unit-test";
		};
		439A2E97299AADEB0079C3D5 /* StationsMapAppUITests */ = {
			isa = PBXNativeTarget;
			buildConfigurationList = 439A2EA8299AADEB0079C3D5 /* Build configuration list for PBXNativeTarget "StationsMapAppUITests" */;
			buildPhases = (
				439A2E94299AADEB0079C3D5 /* Sources */,
				439A2E95299AADEB0079C3D5 /* Frameworks */,
				439A2E96299AADEB0079C3D5 /* Resources */,
			);
			buildRules = (
			);
			dependencies = (
				439A2E9A299AADEB0079C3D5 /* PBXTargetDependency */,
			);
			name = StationsMapAppUITests;
			productName = StationsMapAppUITests;
			productReference = 439A2E98299AADEB0079C3D5 /* StationsMapAppUITests.xctest */;
			productType = "com.apple.product-type.bundle.ui-testing";
		};
/* End PBXNativeTarget section */

/* Begin PBXProject section */
		439A2E70299AADEB0079C3D5 /* Project object */ = {
			isa = PBXProject;
			attributes = {
				BuildIndependentTargetsInParallel = 1;
				LastSwiftUpdateCheck = 1400;
				LastUpgradeCheck = 1400;
				TargetAttributes = {
					439A2E77299AADEB0079C3D5 = {
						CreatedOnToolsVersion = 14.0.1;
					};
					439A2E8D299AADEB0079C3D5 = {
						CreatedOnToolsVersion = 14.0.1;
						TestTargetID = 439A2E77299AADEB0079C3D5;
					};
					439A2E97299AADEB0079C3D5 = {
						CreatedOnToolsVersion = 14.0.1;
						TestTargetID = 439A2E77299AADEB0079C3D5;
					};
				};
			};
			buildConfigurationList = 439A2E73299AADEB0079C3D5 /* Build configuration list for PBXProject "StationsMapApp" */;
			compatibilityVersion = "Xcode 14.0";
			developmentRegion = en;
			hasScannedForEncodings = 0;
			knownRegions = (
				en,
				Base,
			);
			mainGroup = 439A2E6F299AADEB0079C3D5;
			packageReferences = (
			);
			productRefGroup = 439A2E79299AADEB0079C3D5 /* Products */;
			projectDirPath = "";
			projectRoot = "";
			targets = (
				439A2E77299AADEB0079C3D5 /* StationsMapApp */,
				439A2E8D299AADEB0079C3D5 /* StationsMapAppTests */,
				439A2E97299AADEB0079C3D5 /* StationsMapAppUITests */,
			);
		};
/* End PBXProject section */

/* Begin PBXResourcesBuildPhase section */
		439A2E76299AADEB0079C3D5 /* Resources */ = {
			isa = PBXResourcesBuildPhase;
			buildActionMask = 2147483647;
			files = (
				439A2E88299AADEB0079C3D5 /* LaunchScreen.storyboard in Resources */,
				439A2E85299AADEB0079C3D5 /* Assets.xcassets in Resources */,
				439A2E83299AADEB0079C3D5 /* Main.storyboard in Resources */,
			);
			runOnlyForDeploymentPostprocessing = 0;
		};
		439A2E8C299AADEB0079C3D5 /* Resources */ = {
			isa = PBXResourcesBuildPhase;
			buildActionMask = 2147483647;
			files = (
			);
			runOnlyForDeploymentPostprocessing = 0;
		};
		439A2E96299AADEB0079C3D5 /* Resources */ = {
			isa = PBXResourcesBuildPhase;
			buildActionMask = 2147483647;
			files = (
			);
			runOnlyForDeploymentPostprocessing = 0;
		};
/* End PBXResourcesBuildPhase section */

/* Begin PBXSourcesBuildPhase section */
		439A2E74299AADEB0079C3D5 /* Sources */ = {
			isa = PBXSourcesBuildPhase;
			buildActionMask = 2147483647;
			files = (
				43605F2C299CC3AB0040E9BD /* StatefullVM.swift in Sources */,
				43605F2E299CC46D0040E9BD /* MapVC.swift in Sources */,
				43389C79299B7B6900B1EBAC /* DetailVC.swift in Sources */,
				432BCD89299ECA9A0034B326 /* DetailVM.swift in Sources */,
				436BEFDD299D617F001F67C7 /* NetworkManager.swift in Sources */,
				436BEFEA299D66E6001F67C7 /* StationsModel.swift in Sources */,
				436BEFEF299D7348001F67C7 /* RedirectManager.swift in Sources */,
				436BEFE2299D6210001F67C7 /* ErrorTypes.swift in Sources */,
				436BEFE7299D637D001F67C7 /* StationsService.swift in Sources */,
				43605F29299CC27C0040E9BD /* MapVM.swift in Sources */,
				436BEFE4299D6306001F67C7 /* APIConstants.swift in Sources */,
				439A2E7C299AADEB0079C3D5 /* AppDelegate.swift in Sources */,
				439A2E7E299AADEB0079C3D5 /* SceneDelegate.swift in Sources */,
				436BEFE0299D61F8001F67C7 /* HTTPMetods.swift in Sources */,
			);
			runOnlyForDeploymentPostprocessing = 0;
		};
		439A2E8A299AADEB0079C3D5 /* Sources */ = {
			isa = PBXSourcesBuildPhase;
			buildActionMask = 2147483647;
			files = (
				43F3DF4E29A0FAE300C55FC5 /* MockStationsService.swift in Sources */,
				43F3DF4A29A0EE8E00C55FC5 /* MapVMTests.swift in Sources */,
			);
			runOnlyForDeploymentPostprocessing = 0;
		};
		439A2E94299AADEB0079C3D5 /* Sources */ = {
			isa = PBXSourcesBuildPhase;
			buildActionMask = 2147483647;
			files = (
				439A2E9F299AADEB0079C3D5 /* StationsMapAppUITestsLaunchTests.swift in Sources */,
				439A2E9D299AADEB0079C3D5 /* StationsMapAppUITests.swift in Sources */,
			);
			runOnlyForDeploymentPostprocessing = 0;
		};
/* End PBXSourcesBuildPhase section */

/* Begin PBXTargetDependency section */
		439A2E90299AADEB0079C3D5 /* PBXTargetDependency */ = {
			isa = PBXTargetDependency;
			target = 439A2E77299AADEB0079C3D5 /* StationsMapApp */;
			targetProxy = 439A2E8F299AADEB0079C3D5 /* PBXContainerItemProxy */;
		};
		439A2E9A299AADEB0079C3D5 /* PBXTargetDependency */ = {
			isa = PBXTargetDependency;
			target = 439A2E77299AADEB0079C3D5 /* StationsMapApp */;
			targetProxy = 439A2E99299AADEB0079C3D5 /* PBXContainerItemProxy */;
		};
/* End PBXTargetDependency section */

/* Begin PBXVariantGroup section */
		439A2E81299AADEB0079C3D5 /* Main.storyboard */ = {
			isa = PBXVariantGroup;
			children = (
				439A2E82299AADEB0079C3D5 /* Base */,
			);
			name = Main.storyboard;
			sourceTree = "<group>";
		};
		439A2E86299AADEB0079C3D5 /* LaunchScreen.storyboard */ = {
			isa = PBXVariantGroup;
			children = (
				439A2E87299AADEB0079C3D5 /* Base */,
			);
			name = LaunchScreen.storyboard;
			sourceTree = "<group>";
		};
/* End PBXVariantGroup section */

/* Begin XCBuildConfiguration section */
		439A2EA0299AADEB0079C3D5 /* Debug */ = {
			isa = XCBuildConfiguration;
			buildSettings = {
				ALWAYS_SEARCH_USER_PATHS = NO;
				CLANG_ANALYZER_NONNULL = YES;
				CLANG_ANALYZER_NUMBER_OBJECT_CONVERSION = YES_AGGRESSIVE;
				CLANG_CXX_LANGUAGE_STANDARD = "gnu++20";
				CLANG_ENABLE_MODULES = YES;
				CLANG_ENABLE_OBJC_ARC = YES;
				CLANG_ENABLE_OBJC_WEAK = YES;
				CLANG_WARN_BLOCK_CAPTURE_AUTORELEASING = YES;
				CLANG_WARN_BOOL_CONVERSION = YES;
				CLANG_WARN_COMMA = YES;
				CLANG_WARN_CONSTANT_CONVERSION = YES;
				CLANG_WARN_DEPRECATED_OBJC_IMPLEMENTATIONS = YES;
				CLANG_WARN_DIRECT_OBJC_ISA_USAGE = YES_ERROR;
				CLANG_WARN_DOCUMENTATION_COMMENTS = YES;
				CLANG_WARN_EMPTY_BODY = YES;
				CLANG_WARN_ENUM_CONVERSION = YES;
				CLANG_WARN_INFINITE_RECURSION = YES;
				CLANG_WARN_INT_CONVERSION = YES;
				CLANG_WARN_NON_LITERAL_NULL_CONVERSION = YES;
				CLANG_WARN_OBJC_IMPLICIT_RETAIN_SELF = YES;
				CLANG_WARN_OBJC_LITERAL_CONVERSION = YES;
				CLANG_WARN_OBJC_ROOT_CLASS = YES_ERROR;
				CLANG_WARN_QUOTED_INCLUDE_IN_FRAMEWORK_HEADER = YES;
				CLANG_WARN_RANGE_LOOP_ANALYSIS = YES;
				CLANG_WARN_STRICT_PROTOTYPES = YES;
				CLANG_WARN_SUSPICIOUS_MOVE = YES;
				CLANG_WARN_UNGUARDED_AVAILABILITY = YES_AGGRESSIVE;
				CLANG_WARN_UNREACHABLE_CODE = YES;
				CLANG_WARN__DUPLICATE_METHOD_MATCH = YES;
				COPY_PHASE_STRIP = NO;
				DEBUG_INFORMATION_FORMAT = dwarf;
				ENABLE_STRICT_OBJC_MSGSEND = YES;
				ENABLE_TESTABILITY = YES;
				GCC_C_LANGUAGE_STANDARD = gnu11;
				GCC_DYNAMIC_NO_PIC = NO;
				GCC_NO_COMMON_BLOCKS = YES;
				GCC_OPTIMIZATION_LEVEL = 0;
				GCC_PREPROCESSOR_DEFINITIONS = (
					"DEBUG=1",
					"$(inherited)",
				);
				GCC_WARN_64_TO_32_BIT_CONVERSION = YES;
				GCC_WARN_ABOUT_RETURN_TYPE = YES_ERROR;
				GCC_WARN_UNDECLARED_SELECTOR = YES;
				GCC_WARN_UNINITIALIZED_AUTOS = YES_AGGRESSIVE;
				GCC_WARN_UNUSED_FUNCTION = YES;
				GCC_WARN_UNUSED_VARIABLE = YES;
				IPHONEOS_DEPLOYMENT_TARGET = 16.0;
				MTL_ENABLE_DEBUG_INFO = INCLUDE_SOURCE;
				MTL_FAST_MATH = YES;
				ONLY_ACTIVE_ARCH = YES;
				SDKROOT = iphoneos;
				SWIFT_ACTIVE_COMPILATION_CONDITIONS = DEBUG;
				SWIFT_OPTIMIZATION_LEVEL = "-Onone";
			};
			name = Debug;
		};
		439A2EA1299AADEB0079C3D5 /* Release */ = {
			isa = XCBuildConfiguration;
			buildSettings = {
				ALWAYS_SEARCH_USER_PATHS = NO;
				CLANG_ANALYZER_NONNULL = YES;
				CLANG_ANALYZER_NUMBER_OBJECT_CONVERSION = YES_AGGRESSIVE;
				CLANG_CXX_LANGUAGE_STANDARD = "gnu++20";
				CLANG_ENABLE_MODULES = YES;
				CLANG_ENABLE_OBJC_ARC = YES;
				CLANG_ENABLE_OBJC_WEAK = YES;
				CLANG_WARN_BLOCK_CAPTURE_AUTORELEASING = YES;
				CLANG_WARN_BOOL_CONVERSION = YES;
				CLANG_WARN_COMMA = YES;
				CLANG_WARN_CONSTANT_CONVERSION = YES;
				CLANG_WARN_DEPRECATED_OBJC_IMPLEMENTATIONS = YES;
				CLANG_WARN_DIRECT_OBJC_ISA_USAGE = YES_ERROR;
				CLANG_WARN_DOCUMENTATION_COMMENTS = YES;
				CLANG_WARN_EMPTY_BODY = YES;
				CLANG_WARN_ENUM_CONVERSION = YES;
				CLANG_WARN_INFINITE_RECURSION = YES;
				CLANG_WARN_INT_CONVERSION = YES;
				CLANG_WARN_NON_LITERAL_NULL_CONVERSION = YES;
				CLANG_WARN_OBJC_IMPLICIT_RETAIN_SELF = YES;
				CLANG_WARN_OBJC_LITERAL_CONVERSION = YES;
				CLANG_WARN_OBJC_ROOT_CLASS = YES_ERROR;
				CLANG_WARN_QUOTED_INCLUDE_IN_FRAMEWORK_HEADER = YES;
				CLANG_WARN_RANGE_LOOP_ANALYSIS = YES;
				CLANG_WARN_STRICT_PROTOTYPES = YES;
				CLANG_WARN_SUSPICIOUS_MOVE = YES;
				CLANG_WARN_UNGUARDED_AVAILABILITY = YES_AGGRESSIVE;
				CLANG_WARN_UNREACHABLE_CODE = YES;
				CLANG_WARN__DUPLICATE_METHOD_MATCH = YES;
				COPY_PHASE_STRIP = NO;
				DEBUG_INFORMATION_FORMAT = "dwarf-with-dsym";
				ENABLE_NS_ASSERTIONS = NO;
				ENABLE_STRICT_OBJC_MSGSEND = YES;
				GCC_C_LANGUAGE_STANDARD = gnu11;
				GCC_NO_COMMON_BLOCKS = YES;
				GCC_WARN_64_TO_32_BIT_CONVERSION = YES;
				GCC_WARN_ABOUT_RETURN_TYPE = YES_ERROR;
				GCC_WARN_UNDECLARED_SELECTOR = YES;
				GCC_WARN_UNINITIALIZED_AUTOS = YES_AGGRESSIVE;
				GCC_WARN_UNUSED_FUNCTION = YES;
				GCC_WARN_UNUSED_VARIABLE = YES;
				IPHONEOS_DEPLOYMENT_TARGET = 16.0;
				MTL_ENABLE_DEBUG_INFO = NO;
				MTL_FAST_MATH = YES;
				SDKROOT = iphoneos;
				SWIFT_COMPILATION_MODE = wholemodule;
				SWIFT_OPTIMIZATION_LEVEL = "-O";
				VALIDATE_PRODUCT = YES;
			};
			name = Release;
		};
		439A2EA3299AADEB0079C3D5 /* Debug */ = {
			isa = XCBuildConfiguration;
			buildSettings = {
				ASSETCATALOG_COMPILER_APPICON_NAME = AppIcon;
				ASSETCATALOG_COMPILER_GLOBAL_ACCENT_COLOR_NAME = AccentColor;
				CODE_SIGN_STYLE = Automatic;
				CURRENT_PROJECT_VERSION = 1;
				GENERATE_INFOPLIST_FILE = YES;
				INFOPLIST_FILE = StationsMapApp/Info.plist;
				INFOPLIST_KEY_UIApplicationSupportsIndirectInputEvents = YES;
				INFOPLIST_KEY_UILaunchStoryboardName = LaunchScreen;
				INFOPLIST_KEY_UIMainStoryboardFile = Main;
				INFOPLIST_KEY_UISupportedInterfaceOrientations_iPad = "UIInterfaceOrientationPortrait UIInterfaceOrientationPortraitUpsideDown UIInterfaceOrientationLandscapeLeft UIInterfaceOrientationLandscapeRight";
				INFOPLIST_KEY_UISupportedInterfaceOrientations_iPhone = "UIInterfaceOrientationPortrait UIInterfaceOrientationLandscapeLeft UIInterfaceOrientationLandscapeRight";
				LD_RUNPATH_SEARCH_PATHS = (
					"$(inherited)",
					"@executable_path/Frameworks",
				);
				MARKETING_VERSION = 1.0;
				PRODUCT_BUNDLE_IDENTIFIER = com.ahmetutlu.StationsMapApp;
				PRODUCT_NAME = "$(TARGET_NAME)";
				SWIFT_EMIT_LOC_STRINGS = YES;
				SWIFT_VERSION = 5.0;
				TARGETED_DEVICE_FAMILY = "1,2";
			};
			name = Debug;
		};
		439A2EA4299AADEB0079C3D5 /* Release */ = {
			isa = XCBuildConfiguration;
			buildSettings = {
				ASSETCATALOG_COMPILER_APPICON_NAME = AppIcon;
				ASSETCATALOG_COMPILER_GLOBAL_ACCENT_COLOR_NAME = AccentColor;
				CODE_SIGN_STYLE = Automatic;
				CURRENT_PROJECT_VERSION = 1;
				GENERATE_INFOPLIST_FILE = YES;
				INFOPLIST_FILE = StationsMapApp/Info.plist;
				INFOPLIST_KEY_UIApplicationSupportsIndirectInputEvents = YES;
				INFOPLIST_KEY_UILaunchStoryboardName = LaunchScreen;
				INFOPLIST_KEY_UIMainStoryboardFile = Main;
				INFOPLIST_KEY_UISupportedInterfaceOrientations_iPad = "UIInterfaceOrientationPortrait UIInterfaceOrientationPortraitUpsideDown UIInterfaceOrientationLandscapeLeft UIInterfaceOrientationLandscapeRight";
				INFOPLIST_KEY_UISupportedInterfaceOrientations_iPhone = "UIInterfaceOrientationPortrait UIInterfaceOrientationLandscapeLeft UIInterfaceOrientationLandscapeRight";
				LD_RUNPATH_SEARCH_PATHS = (
					"$(inherited)",
					"@executable_path/Frameworks",
				);
				MARKETING_VERSION = 1.0;
				PRODUCT_BUNDLE_IDENTIFIER = com.ahmetutlu.StationsMapApp;
				PRODUCT_NAME = "$(TARGET_NAME)";
				SWIFT_EMIT_LOC_STRINGS = YES;
				SWIFT_VERSION = 5.0;
				TARGETED_DEVICE_FAMILY = "1,2";
			};
			name = Release;
		};
		439A2EA6299AADEB0079C3D5 /* Debug */ = {
			isa = XCBuildConfiguration;
			buildSettings = {
				ALWAYS_EMBED_SWIFT_STANDARD_LIBRARIES = YES;
				BUNDLE_LOADER = "$(TEST_HOST)";
				CODE_SIGN_STYLE = Automatic;
				CURRENT_PROJECT_VERSION = 1;
				GENERATE_INFOPLIST_FILE = YES;
				IPHONEOS_DEPLOYMENT_TARGET = 16.0;
				MARKETING_VERSION = 1.0;
				PRODUCT_BUNDLE_IDENTIFIER = com.ahmetutlu.StationsMapAppTests;
				PRODUCT_NAME = "$(TARGET_NAME)";
				SWIFT_EMIT_LOC_STRINGS = NO;
				SWIFT_VERSION = 5.0;
				TARGETED_DEVICE_FAMILY = "1,2";
				TEST_HOST = "$(BUILT_PRODUCTS_DIR)/StationsMapApp.app/$(BUNDLE_EXECUTABLE_FOLDER_PATH)/StationsMapApp";
			};
			name = Debug;
		};
		439A2EA7299AADEB0079C3D5 /* Release */ = {
			isa = XCBuildConfiguration;
			buildSettings = {
				ALWAYS_EMBED_SWIFT_STANDARD_LIBRARIES = YES;
				BUNDLE_LOADER = "$(TEST_HOST)";
				CODE_SIGN_STYLE = Automatic;
				CURRENT_PROJECT_VERSION = 1;
				GENERATE_INFOPLIST_FILE = YES;
				IPHONEOS_DEPLOYMENT_TARGET = 16.0;
				MARKETING_VERSION = 1.0;
				PRODUCT_BUNDLE_IDENTIFIER = com.ahmetutlu.StationsMapAppTests;
				PRODUCT_NAME = "$(TARGET_NAME)";
				SWIFT_EMIT_LOC_STRINGS = NO;
				SWIFT_VERSION = 5.0;
				TARGETED_DEVICE_FAMILY = "1,2";
				TEST_HOST = "$(BUILT_PRODUCTS_DIR)/StationsMapApp.app/$(BUNDLE_EXECUTABLE_FOLDER_PATH)/StationsMapApp";
			};
			name = Release;
		};
		439A2EA9299AADEB0079C3D5 /* Debug */ = {
			isa = XCBuildConfiguration;
			buildSettings = {
				ALWAYS_EMBED_SWIFT_STANDARD_LIBRARIES = YES;
				CODE_SIGN_STYLE = Automatic;
				CURRENT_PROJECT_VERSION = 1;
				GENERATE_INFOPLIST_FILE = YES;
				MARKETING_VERSION = 1.0;
				PRODUCT_BUNDLE_IDENTIFIER = com.ahmetutlu.StationsMapAppUITests;
				PRODUCT_NAME = "$(TARGET_NAME)";
				SWIFT_EMIT_LOC_STRINGS = NO;
				SWIFT_VERSION = 5.0;
				TARGETED_DEVICE_FAMILY = "1,2";
				TEST_TARGET_NAME = StationsMapApp;
			};
			name = Debug;
		};
		439A2EAA299AADEB0079C3D5 /* Release */ = {
			isa = XCBuildConfiguration;
			buildSettings = {
				ALWAYS_EMBED_SWIFT_STANDARD_LIBRARIES = YES;
				CODE_SIGN_STYLE = Automatic;
				CURRENT_PROJECT_VERSION = 1;
				GENERATE_INFOPLIST_FILE = YES;
				MARKETING_VERSION = 1.0;
				PRODUCT_BUNDLE_IDENTIFIER = com.ahmetutlu.StationsMapAppUITests;
				PRODUCT_NAME = "$(TARGET_NAME)";
				SWIFT_EMIT_LOC_STRINGS = NO;
				SWIFT_VERSION = 5.0;
				TARGETED_DEVICE_FAMILY = "1,2";
				TEST_TARGET_NAME = StationsMapApp;
			};
			name = Release;
		};
/* End XCBuildConfiguration section */

/* Begin XCConfigurationList section */
		439A2E73299AADEB0079C3D5 /* Build configuration list for PBXProject "StationsMapApp" */ = {
			isa = XCConfigurationList;
			buildConfigurations = (
				439A2EA0299AADEB0079C3D5 /* Debug */,
				439A2EA1299AADEB0079C3D5 /* Release */,
			);
			defaultConfigurationIsVisible = 0;
			defaultConfigurationName = Release;
		};
		439A2EA2299AADEB0079C3D5 /* Build configuration list for PBXNativeTarget "StationsMapApp" */ = {
			isa = XCConfigurationList;
			buildConfigurations = (
				439A2EA3299AADEB0079C3D5 /* Debug */,
				439A2EA4299AADEB0079C3D5 /* Release */,
			);
			defaultConfigurationIsVisible = 0;
			defaultConfigurationName = Release;
		};
		439A2EA5299AADEB0079C3D5 /* Build configuration list for PBXNativeTarget "StationsMapAppTests" */ = {
			isa = XCConfigurationList;
			buildConfigurations = (
				439A2EA6299AADEB0079C3D5 /* Debug */,
				439A2EA7299AADEB0079C3D5 /* Release */,
			);
			defaultConfigurationIsVisible = 0;
			defaultConfigurationName = Release;
		};
		439A2EA8299AADEB0079C3D5 /* Build configuration list for PBXNativeTarget "StationsMapAppUITests" */ = {
			isa = XCConfigurationList;
			buildConfigurations = (
				439A2EA9299AADEB0079C3D5 /* Debug */,
				439A2EAA299AADEB0079C3D5 /* Release */,
			);
			defaultConfigurationIsVisible = 0;
			defaultConfigurationName = Release;
		};
/* End XCConfigurationList section */
	};
	rootObject = 439A2E70299AADEB0079C3D5 /* Project object */;
}
